
Microsoft Visual Studio Solution File, Format Version 12.00
# Visual Studio Version 17
VisualStudioVersion = 17.9.34728.123
MinimumVisualStudioVersion = 10.0.40219.1
Project("{2150E333-8FDC-42A3-9474-1A3956D46DE8}") = "Clients", "Clients", "{D2051FCA-6416-41A8-B4F8-3C557CE6D0A2}"
EndProject
Project("{2150E333-8FDC-42A3-9474-1A3956D46DE8}") = "src", "src", "{F4F1E367-677F-4F5C-A8A5-782B0CD25A31}"
EndProject
Project("{FAE04EC0-301F-11D3-BF4B-00C04F79EFBC}") = "Harmoni.UI", "Harmoni.UI\Harmoni.UI.csproj", "{209EFE33-A3B4-482A-995B-CD48F6FBF5E4}"
EndProject
Project("{FAE04EC0-301F-11D3-BF4B-00C04F79EFBC}") = "Harmoni.API", "Harmoni.API\Harmoni.API.csproj", "{363AF660-D320-4DB1-9974-FA0269470698}"
EndProject
Project("{FAE04EC0-301F-11D3-BF4B-00C04F79EFBC}") = "Harmoni.Business", "Harmoni.Business\Harmoni.Business.csproj", "{63D59824-3511-4825-9374-7048AB587516}"
EndProject
Project("{FAE04EC0-301F-11D3-BF4B-00C04F79EFBC}") = "Harmoni.Data", "Harmoni.Data\Harmoni.Data.csproj", "{82F55E01-AE63-41C3-8817-9C86133E87A6}"
EndProject
Project("{FAE04EC0-301F-11D3-BF4B-00C04F79EFBC}") = "Harmoni.Core", "Harmoni.Core\Harmoni.Core.csproj", "{BE7D443D-1633-4499-8F9E-AA32F588BFE1}"
EndProject
Global
	GlobalSection(SolutionConfigurationPlatforms) = preSolution
		Debug|Any CPU = Debug|Any CPU
		Release|Any CPU = Release|Any CPU
	EndGlobalSection
	GlobalSection(ProjectConfigurationPlatforms) = postSolution
		{209EFE33-A3B4-482A-995B-CD48F6FBF5E4}.Debug|Any CPU.ActiveCfg = Debug|Any CPU
		{209EFE33-A3B4-482A-995B-CD48F6FBF5E4}.Debug|Any CPU.Build.0 = Debug|Any CPU
		{209EFE33-A3B4-482A-995B-CD48F6FBF5E4}.Release|Any CPU.ActiveCfg = Release|Any CPU
		{209EFE33-A3B4-482A-995B-CD48F6FBF5E4}.Release|Any CPU.Build.0 = Release|Any CPU
		{363AF660-D320-4DB1-9974-FA0269470698}.Debug|Any CPU.ActiveCfg = Debug|Any CPU
		{363AF660-D320-4DB1-9974-FA0269470698}.Debug|Any CPU.Build.0 = Debug|Any CPU
		{363AF660-D320-4DB1-9974-FA0269470698}.Release|Any CPU.ActiveCfg = Release|Any CPU
		{363AF660-D320-4DB1-9974-FA0269470698}.Release|Any CPU.Build.0 = Release|Any CPU
		{63D59824-3511-4825-9374-7048AB587516}.Debug|Any CPU.ActiveCfg = Debug|Any CPU
		{63D59824-3511-4825-9374-7048AB587516}.Debug|Any CPU.Build.0 = Debug|Any CPU
		{63D59824-3511-4825-9374-7048AB587516}.Release|Any CPU.ActiveCfg = Release|Any CPU
		{63D59824-3511-4825-9374-7048AB587516}.Release|Any CPU.Build.0 = Release|Any CPU
		{82F55E01-AE63-41C3-8817-9C86133E87A6}.Debug|Any CPU.ActiveCfg = Debug|Any CPU
		{82F55E01-AE63-41C3-8817-9C86133E87A6}.Debug|Any CPU.Build.0 = Debug|Any CPU
		{82F55E01-AE63-41C3-8817-9C86133E87A6}.Release|Any CPU.ActiveCfg = Release|Any CPU
		{82F55E01-AE63-41C3-8817-9C86133E87A6}.Release|Any CPU.Build.0 = Release|Any CPU
		{BE7D443D-1633-4499-8F9E-AA32F588BFE1}.Debug|Any CPU.ActiveCfg = Debug|Any CPU
		{BE7D443D-1633-4499-8F9E-AA32F588BFE1}.Debug|Any CPU.Build.0 = Debug|Any CPU
		{BE7D443D-1633-4499-8F9E-AA32F588BFE1}.Release|Any CPU.ActiveCfg = Release|Any CPU
		{BE7D443D-1633-4499-8F9E-AA32F588BFE1}.Release|Any CPU.Build.0 = Release|Any CPU
	EndGlobalSection
	GlobalSection(SolutionProperties) = preSolution
		HideSolutionNode = FALSE
	EndGlobalSection
	GlobalSection(NestedProjects) = preSolution
		{209EFE33-A3B4-482A-995B-CD48F6FBF5E4} = {D2051FCA-6416-41A8-B4F8-3C557CE6D0A2}
		{363AF660-D320-4DB1-9974-FA0269470698} = {F4F1E367-677F-4F5C-A8A5-782B0CD25A31}
		{63D59824-3511-4825-9374-7048AB587516} = {F4F1E367-677F-4F5C-A8A5-782B0CD25A31}
		{82F55E01-AE63-41C3-8817-9C86133E87A6} = {F4F1E367-677F-4F5C-A8A5-782B0CD25A31}
		{BE7D443D-1633-4499-8F9E-AA32F588BFE1} = {F4F1E367-677F-4F5C-A8A5-782B0CD25A31}
	EndGlobalSection
	GlobalSection(ExtensibilityGlobals) = postSolution
		SolutionGuid = {A4D97DC2-FC09-4D9D-98DD-3B9764A9745F}
	EndGlobalSection
EndGlobal
